// !$*UTF8*$!
{
	archiveVersion = 1;
	classes = {
	};
	objectVersion = 50;
	objects = {

/* Begin PBXBuildFile section */
		51153CC920D473DE002713BA /* LocationSearchTable.swift in Sources */ = {isa = PBXBuildFile; fileRef = 51153CC820D473DE002713BA /* LocationSearchTable.swift */; };
		511ED613211D28890091D957 /* HostReviewVC.swift in Sources */ = {isa = PBXBuildFile; fileRef = 511ED612211D28890091D957 /* HostReviewVC.swift */; };
		5128509320C9460500DA6283 /* CreateEventVC.swift in Sources */ = {isa = PBXBuildFile; fileRef = 5128509220C9460500DA6283 /* CreateEventVC.swift */; };
		5128509520C948A400DA6283 /* Picker Data.swift in Sources */ = {isa = PBXBuildFile; fileRef = 5128509420C948A400DA6283 /* Picker Data.swift */; };
		51506EE820C757B100F2164D /* TransparentNavigationBar.swift in Sources */ = {isa = PBXBuildFile; fileRef = 51506EE720C757B100F2164D /* TransparentNavigationBar.swift */; };
		51917F8A20C261FC00C781AC /* HomeVC.swift in Sources */ = {isa = PBXBuildFile; fileRef = 51917F8920C261FC00C781AC /* HomeVC.swift */; };
		51917F8E20C26AF000C781AC /* DataService.swift in Sources */ = {isa = PBXBuildFile; fileRef = 51917F8D20C26AF000C781AC /* DataService.swift */; };
		51917F9020C2723A00C781AC /* UpdateService.swift in Sources */ = {isa = PBXBuildFile; fileRef = 51917F8F20C2723A00C781AC /* UpdateService.swift */; };
		519203B32113D1D4000BA15D /* ViewEventVC.swift in Sources */ = {isa = PBXBuildFile; fileRef = 519203B22113D1D4000BA15D /* ViewEventVC.swift */; };
		51B9EC1720D2791B00FD163B /* EventAnnotation.swift in Sources */ = {isa = PBXBuildFile; fileRef = 51B9EC1620D2791B00FD163B /* EventAnnotation.swift */; };
		51C55AD620C0BDA700A5B230 /* GoogleService-Info.plist in Resources */ = {isa = PBXBuildFile; fileRef = 51C55AD520C0BDA600A5B230 /* GoogleService-Info.plist */; };
		51D7115E21408152007613A9 /* Images.xcassets in Resources */ = {isa = PBXBuildFile; fileRef = 51D7115D21408151007613A9 /* Images.xcassets */; };
		51D711602140817F007613A9 /* Images.xcassets in Resources */ = {isa = PBXBuildFile; fileRef = 51D7115F2140817F007613A9 /* Images.xcassets */; };
		51F6BC6F212510BB007AC4A6 /* Review.swift in Sources */ = {isa = PBXBuildFile; fileRef = 51F6BC6E212510BB007AC4A6 /* Review.swift */; };
		51FF7C4D20BD309500ED873D /* AppDelegate.swift in Sources */ = {isa = PBXBuildFile; fileRef = 51FF7C4C20BD309500ED873D /* AppDelegate.swift */; };
		51FF7C4F20BD309500ED873D /* LoginVC.swift in Sources */ = {isa = PBXBuildFile; fileRef = 51FF7C4E20BD309500ED873D /* LoginVC.swift */; };
		51FF7C5220BD309500ED873D /* Main.storyboard in Resources */ = {isa = PBXBuildFile; fileRef = 51FF7C5020BD309500ED873D /* Main.storyboard */; };
		51FF7C5520BD309500ED873D /* WhatsPoppin.xcdatamodeld in Sources */ = {isa = PBXBuildFile; fileRef = 51FF7C5320BD309500ED873D /* WhatsPoppin.xcdatamodeld */; };
		51FF7C5A20BD309700ED873D /* LaunchScreen.storyboard in Resources */ = {isa = PBXBuildFile; fileRef = 51FF7C5820BD309700ED873D /* LaunchScreen.storyboard */; };
		A43E889288F5D3B4DDBCCE63 /* Pods_WhatsPoppin.framework in Frameworks */ = {isa = PBXBuildFile; fileRef = CC96D9420CD3030090363C09 /* Pods_WhatsPoppin.framework */; };
/* End PBXBuildFile section */

/* Begin PBXFileReference section */
		51153CC820D473DE002713BA /* LocationSearchTable.swift */ = {isa = PBXFileReference; lastKnownFileType = sourcecode.swift; path = LocationSearchTable.swift; sourceTree = "<group>"; };
		511ED612211D28890091D957 /* HostReviewVC.swift */ = {isa = PBXFileReference; lastKnownFileType = sourcecode.swift; path = HostReviewVC.swift; sourceTree = "<group>"; };
		5128509220C9460500DA6283 /* CreateEventVC.swift */ = {isa = PBXFileReference; lastKnownFileType = sourcecode.swift; path = CreateEventVC.swift; sourceTree = "<group>"; };
		5128509420C948A400DA6283 /* Picker Data.swift */ = {isa = PBXFileReference; lastKnownFileType = sourcecode.swift; path = "Picker Data.swift"; sourceTree = "<group>"; };
		51506EE720C757B100F2164D /* TransparentNavigationBar.swift */ = {isa = PBXFileReference; lastKnownFileType = sourcecode.swift; path = TransparentNavigationBar.swift; sourceTree = "<group>"; };
		51917F8920C261FC00C781AC /* HomeVC.swift */ = {isa = PBXFileReference; lastKnownFileType = sourcecode.swift; path = HomeVC.swift; sourceTree = "<group>"; };
		51917F8B20C2638E00C781AC /* WhatsPoppin.entitlements */ = {isa = PBXFileReference; lastKnownFileType = text.plist.entitlements; path = WhatsPoppin.entitlements; sourceTree = "<group>"; };
		51917F8D20C26AF000C781AC /* DataService.swift */ = {isa = PBXFileReference; lastKnownFileType = sourcecode.swift; path = DataService.swift; sourceTree = "<group>"; };
		51917F8F20C2723A00C781AC /* UpdateService.swift */ = {isa = PBXFileReference; lastKnownFileType = sourcecode.swift; path = UpdateService.swift; sourceTree = "<group>"; };
		519203B22113D1D4000BA15D /* ViewEventVC.swift */ = {isa = PBXFileReference; lastKnownFileType = sourcecode.swift; path = ViewEventVC.swift; sourceTree = "<group>"; };
		51B9EC1620D2791B00FD163B /* EventAnnotation.swift */ = {isa = PBXFileReference; lastKnownFileType = sourcecode.swift; path = EventAnnotation.swift; sourceTree = "<group>"; };
		51C55AD520C0BDA600A5B230 /* GoogleService-Info.plist */ = {isa = PBXFileReference; fileEncoding = 4; lastKnownFileType = text.plist.xml; path = "GoogleService-Info.plist"; sourceTree = "<group>"; };
		51D7115D21408151007613A9 /* Images.xcassets */ = {isa = PBXFileReference; lastKnownFileType = folder.assetcatalog; path = Images.xcassets; sourceTree = "<group>"; };
		51D7115F2140817F007613A9 /* Images.xcassets */ = {isa = PBXFileReference; lastKnownFileType = folder.assetcatalog; path = Images.xcassets; sourceTree = "<group>"; };
		51F6BC6E212510BB007AC4A6 /* Review.swift */ = {isa = PBXFileReference; lastKnownFileType = sourcecode.swift; path = Review.swift; sourceTree = "<group>"; };
		51FF7C4920BD309500ED873D /* WhatsPoppin.app */ = {isa = PBXFileReference; explicitFileType = wrapper.application; includeInIndex = 0; path = WhatsPoppin.app; sourceTree = BUILT_PRODUCTS_DIR; };
		51FF7C4C20BD309500ED873D /* AppDelegate.swift */ = {isa = PBXFileReference; lastKnownFileType = sourcecode.swift; path = AppDelegate.swift; sourceTree = "<group>"; };
		51FF7C4E20BD309500ED873D /* LoginVC.swift */ = {isa = PBXFileReference; lastKnownFileType = sourcecode.swift; path = LoginVC.swift; sourceTree = "<group>"; };
		51FF7C5120BD309500ED873D /* Base */ = {isa = PBXFileReference; lastKnownFileType = file.storyboard; name = Base; path = Base.lproj/Main.storyboard; sourceTree = "<group>"; };
		51FF7C5420BD309500ED873D /* WhatsPoppin.xcdatamodel */ = {isa = PBXFileReference; lastKnownFileType = wrapper.xcdatamodel; path = WhatsPoppin.xcdatamodel; sourceTree = "<group>"; };
		51FF7C5920BD309700ED873D /* Base */ = {isa = PBXFileReference; lastKnownFileType = file.storyboard; name = Base; path = Base.lproj/LaunchScreen.storyboard; sourceTree = "<group>"; };
		51FF7C5B20BD309700ED873D /* Info.plist */ = {isa = PBXFileReference; lastKnownFileType = text.plist.xml; path = Info.plist; sourceTree = "<group>"; };
		51FF7C6120BD30D800ED873D /* WhatsPoppin.entitlements */ = {isa = PBXFileReference; lastKnownFileType = text.plist.entitlements; path = WhatsPoppin.entitlements; sourceTree = "<group>"; };
		54420957DCE5F56B7B4D208A /* Pods-WhatsPoppin.debug.xcconfig */ = {isa = PBXFileReference; includeInIndex = 1; lastKnownFileType = text.xcconfig; name = "Pods-WhatsPoppin.debug.xcconfig"; path = "Pods/Target Support Files/Pods-WhatsPoppin/Pods-WhatsPoppin.debug.xcconfig"; sourceTree = "<group>"; };
		74D334A0AB1F7BF2A47F3759 /* Pods-WhatsPoppin.release.xcconfig */ = {isa = PBXFileReference; includeInIndex = 1; lastKnownFileType = text.xcconfig; name = "Pods-WhatsPoppin.release.xcconfig"; path = "Pods/Target Support Files/Pods-WhatsPoppin/Pods-WhatsPoppin.release.xcconfig"; sourceTree = "<group>"; };
		CC96D9420CD3030090363C09 /* Pods_WhatsPoppin.framework */ = {isa = PBXFileReference; explicitFileType = wrapper.framework; includeInIndex = 0; path = Pods_WhatsPoppin.framework; sourceTree = BUILT_PRODUCTS_DIR; };
/* End PBXFileReference section */

/* Begin PBXFrameworksBuildPhase section */
		51FF7C4620BD309500ED873D /* Frameworks */ = {
			isa = PBXFrameworksBuildPhase;
			buildActionMask = 2147483647;
			files = (
				A43E889288F5D3B4DDBCCE63 /* Pods_WhatsPoppin.framework in Frameworks */,
			);
			runOnlyForDeploymentPostprocessing = 0;
		};
/* End PBXFrameworksBuildPhase section */

/* Begin PBXGroup section */
		18B952FB594392FCDCDD7431 /* Frameworks */ = {
			isa = PBXGroup;
			children = (
				CC96D9420CD3030090363C09 /* Pods_WhatsPoppin.framework */,
			);
			name = Frameworks;
			sourceTree = "<group>";
		};
		51917F8420C2618400C781AC /* controller */ = {
			isa = PBXGroup;
			children = (
				51FF7C4C20BD309500ED873D /* AppDelegate.swift */,
				51FF7C4E20BD309500ED873D /* LoginVC.swift */,
				51917F8920C261FC00C781AC /* HomeVC.swift */,
				5128509220C9460500DA6283 /* CreateEventVC.swift */,
				519203B22113D1D4000BA15D /* ViewEventVC.swift */,
				511ED612211D28890091D957 /* HostReviewVC.swift */,
			);
			path = controller;
			sourceTree = "<group>";
		};
		51917F8520C2619200C781AC /* model */ = {
			isa = PBXGroup;
			children = (
				51B9EC1620D2791B00FD163B /* EventAnnotation.swift */,
				5128509420C948A400DA6283 /* Picker Data.swift */,
				51F6BC6E212510BB007AC4A6 /* Review.swift */,
			);
			path = model;
			sourceTree = "<group>";
		};
		51917F8620C2619400C781AC /* view */ = {
			isa = PBXGroup;
			children = (
				51506EE720C757B100F2164D /* TransparentNavigationBar.swift */,
				51153CC820D473DE002713BA /* LocationSearchTable.swift */,
			);
			path = view;
			sourceTree = "<group>";
		};
		51917F8720C261AA00C781AC /* resources */ = {
			isa = PBXGroup;
			children = (
			);
			path = resources;
			sourceTree = "<group>";
		};
		51917F8820C261CD00C781AC /* borystoards */ = {
			isa = PBXGroup;
			children = (
				51FF7C5020BD309500ED873D /* Main.storyboard */,
				51FF7C5820BD309700ED873D /* LaunchScreen.storyboard */,
			);
			path = borystoards;
			sourceTree = "<group>";
		};
		51917F8C20C26ADE00C781AC /* servos */ = {
			isa = PBXGroup;
			children = (
				51917F8D20C26AF000C781AC /* DataService.swift */,
				51917F8F20C2723A00C781AC /* UpdateService.swift */,
			);
			path = servos;
			sourceTree = "<group>";
		};
		51FF7C4020BD309500ED873D = {
			isa = PBXGroup;
			children = (
				51FF7C4B20BD309500ED873D /* WhatsPoppin */,
				51C55AD520C0BDA600A5B230 /* GoogleService-Info.plist */,
				51FF7C6120BD30D800ED873D /* WhatsPoppin.entitlements */,
				51D7115D21408151007613A9 /* Images.xcassets */,
				51D7115F2140817F007613A9 /* Images.xcassets */,
				51FF7C5B20BD309700ED873D /* Info.plist */,
				51FF7C5320BD309500ED873D /* WhatsPoppin.xcdatamodeld */,
				51FF7C4A20BD309500ED873D /* Products */,
				B93D075BBF2BF075C422D49E /* Pods */,
				18B952FB594392FCDCDD7431 /* Frameworks */,
			);
			sourceTree = "<group>";
		};
		51FF7C4A20BD309500ED873D /* Products */ = {
			isa = PBXGroup;
			children = (
				51FF7C4920BD309500ED873D /* WhatsPoppin.app */,
			);
			name = Products;
			sourceTree = "<group>";
		};
		51FF7C4B20BD309500ED873D /* WhatsPoppin */ = {
			isa = PBXGroup;
			children = (
				51917F8C20C26ADE00C781AC /* servos */,
				51917F8B20C2638E00C781AC /* WhatsPoppin.entitlements */,
				51917F8820C261CD00C781AC /* borystoards */,
				51917F8720C261AA00C781AC /* resources */,
				51917F8620C2619400C781AC /* view */,
				51917F8520C2619200C781AC /* model */,
				51917F8420C2618400C781AC /* controller */,
			);
			path = WhatsPoppin;
			sourceTree = "<group>";
		};
		B93D075BBF2BF075C422D49E /* Pods */ = {
			isa = PBXGroup;
			children = (
				54420957DCE5F56B7B4D208A /* Pods-WhatsPoppin.debug.xcconfig */,
				74D334A0AB1F7BF2A47F3759 /* Pods-WhatsPoppin.release.xcconfig */,
			);
			name = Pods;
			sourceTree = "<group>";
		};
/* End PBXGroup section */

/* Begin PBXNativeTarget section */
		51FF7C4820BD309500ED873D /* WhatsPoppin */ = {
			isa = PBXNativeTarget;
			buildConfigurationList = 51FF7C5E20BD309700ED873D /* Build configuration list for PBXNativeTarget "WhatsPoppin" */;
			buildPhases = (
				1BF8A66E6A6A906DF0B5B15F /* [CP] Check Pods Manifest.lock */,
				51FF7C4520BD309500ED873D /* Sources */,
				51FF7C4620BD309500ED873D /* Frameworks */,
				51FF7C4720BD309500ED873D /* Resources */,
				F3301036112CB05D05A8713F /* [CP] Embed Pods Frameworks */,
			);
			buildRules = (
			);
			dependencies = (
			);
			name = WhatsPoppin;
			productName = WhatsPoppin;
			productReference = 51FF7C4920BD309500ED873D /* WhatsPoppin.app */;
			productType = "com.apple.product-type.application";
		};
/* End PBXNativeTarget section */

/* Begin PBXProject section */
		51FF7C4120BD309500ED873D /* Project object */ = {
			isa = PBXProject;
			attributes = {
				LastSwiftUpdateCheck = 0930;
				LastUpgradeCheck = 0930;
				ORGANIZATIONNAME = "Liam Ottley";
				TargetAttributes = {
					51FF7C4820BD309500ED873D = {
						CreatedOnToolsVersion = 9.3.1;
						SystemCapabilities = {
							com.apple.Keychain = {
								enabled = 1;
							};
						};
					};
				};
			};
			buildConfigurationList = 51FF7C4420BD309500ED873D /* Build configuration list for PBXProject "WhatsPoppin" */;
			compatibilityVersion = "Xcode 9.3";
			developmentRegion = en;
			hasScannedForEncodings = 0;
			knownRegions = (
				en,
				Base,
			);
			mainGroup = 51FF7C4020BD309500ED873D;
			productRefGroup = 51FF7C4A20BD309500ED873D /* Products */;
			projectDirPath = "";
			projectRoot = "";
			targets = (
				51FF7C4820BD309500ED873D /* WhatsPoppin */,
			);
		};
/* End PBXProject section */

/* Begin PBXResourcesBuildPhase section */
		51FF7C4720BD309500ED873D /* Resources */ = {
			isa = PBXResourcesBuildPhase;
			buildActionMask = 2147483647;
			files = (
				51FF7C5A20BD309700ED873D /* LaunchScreen.storyboard in Resources */,
				51D711602140817F007613A9 /* Images.xcassets in Resources */,
				51D7115E21408152007613A9 /* Images.xcassets in Resources */,
				51C55AD620C0BDA700A5B230 /* GoogleService-Info.plist in Resources */,
				51FF7C5220BD309500ED873D /* Main.storyboard in Resources */,
			);
			runOnlyForDeploymentPostprocessing = 0;
		};
/* End PBXResourcesBuildPhase section */

/* Begin PBXShellScriptBuildPhase section */
		1BF8A66E6A6A906DF0B5B15F /* [CP] Check Pods Manifest.lock */ = {
			isa = PBXShellScriptBuildPhase;
			buildActionMask = 2147483647;
			files = (
			);
			inputPaths = (
				"${PODS_PODFILE_DIR_PATH}/Podfile.lock",
				"${PODS_ROOT}/Manifest.lock",
			);
			name = "[CP] Check Pods Manifest.lock";
			outputPaths = (
				"$(DERIVED_FILE_DIR)/Pods-WhatsPoppin-checkManifestLockResult.txt",
			);
			runOnlyForDeploymentPostprocessing = 0;
			shellPath = /bin/sh;
			shellScript = "diff \"${PODS_PODFILE_DIR_PATH}/Podfile.lock\" \"${PODS_ROOT}/Manifest.lock\" > /dev/null\nif [ $? != 0 ] ; then\n    # print error to STDERR\n    echo \"error: The sandbox is not in sync with the Podfile.lock. Run 'pod install' or update your CocoaPods installation.\" >&2\n    exit 1\nfi\n# This output is used by Xcode 'outputs' to avoid re-running this script phase.\necho \"SUCCESS\" > \"${SCRIPT_OUTPUT_FILE_0}\"\n";
			showEnvVarsInLog = 0;
		};
		F3301036112CB05D05A8713F /* [CP] Embed Pods Frameworks */ = {
			isa = PBXShellScriptBuildPhase;
			buildActionMask = 2147483647;
			files = (
			);
			inputPaths = (
				"${SRCROOT}/Pods/Target Support Files/Pods-WhatsPoppin/Pods-WhatsPoppin-frameworks.sh",
				"${BUILT_PRODUCTS_DIR}/Bolts/Bolts.framework",
				"${BUILT_PRODUCTS_DIR}/FBSDKCoreKit/FBSDKCoreKit.framework",
				"${BUILT_PRODUCTS_DIR}/FBSDKLoginKit/FBSDKLoginKit.framework",
				"${BUILT_PRODUCTS_DIR}/FBSDKShareKit/FBSDKShareKit.framework",
				"${BUILT_PRODUCTS_DIR}/FacebookCore/FacebookCore.framework",
				"${BUILT_PRODUCTS_DIR}/FacebookLogin/FacebookLogin.framework",
				"${BUILT_PRODUCTS_DIR}/FacebookShare/FacebookShare.framework",
				"${BUILT_PRODUCTS_DIR}/GTMSessionFetcher/GTMSessionFetcher.framework",
				"${BUILT_PRODUCTS_DIR}/GoogleToolboxForMac/GoogleToolboxForMac.framework",
				"${BUILT_PRODUCTS_DIR}/leveldb-library/leveldb.framework",
				"${BUILT_PRODUCTS_DIR}/nanopb/nanopb.framework",
			);
			name = "[CP] Embed Pods Frameworks";
			outputPaths = (
				"${TARGET_BUILD_DIR}/${FRAMEWORKS_FOLDER_PATH}/Bolts.framework",
				"${TARGET_BUILD_DIR}/${FRAMEWORKS_FOLDER_PATH}/FBSDKCoreKit.framework",
				"${TARGET_BUILD_DIR}/${FRAMEWORKS_FOLDER_PATH}/FBSDKLoginKit.framework",
				"${TARGET_BUILD_DIR}/${FRAMEWORKS_FOLDER_PATH}/FBSDKShareKit.framework",
				"${TARGET_BUILD_DIR}/${FRAMEWORKS_FOLDER_PATH}/FacebookCore.framework",
				"${TARGET_BUILD_DIR}/${FRAMEWORKS_FOLDER_PATH}/FacebookLogin.framework",
				"${TARGET_BUILD_DIR}/${FRAMEWORKS_FOLDER_PATH}/FacebookShare.framework",
				"${TARGET_BUILD_DIR}/${FRAMEWORKS_FOLDER_PATH}/GTMSessionFetcher.framework",
				"${TARGET_BUILD_DIR}/${FRAMEWORKS_FOLDER_PATH}/GoogleToolboxForMac.framework",
				"${TARGET_BUILD_DIR}/${FRAMEWORKS_FOLDER_PATH}/leveldb.framework",
				"${TARGET_BUILD_DIR}/${FRAMEWORKS_FOLDER_PATH}/nanopb.framework",
			);
			runOnlyForDeploymentPostprocessing = 0;
			shellPath = /bin/sh;
			shellScript = "\"${SRCROOT}/Pods/Target Support Files/Pods-WhatsPoppin/Pods-WhatsPoppin-frameworks.sh\"\n";
			showEnvVarsInLog = 0;
		};
/* End PBXShellScriptBuildPhase section */

/* Begin PBXSourcesBuildPhase section */
		51FF7C4520BD309500ED873D /* Sources */ = {
			isa = PBXSourcesBuildPhase;
			buildActionMask = 2147483647;
			files = (
				51917F9020C2723A00C781AC /* UpdateService.swift in Sources */,
				51F6BC6F212510BB007AC4A6 /* Review.swift in Sources */,
				51506EE820C757B100F2164D /* TransparentNavigationBar.swift in Sources */,
				519203B32113D1D4000BA15D /* ViewEventVC.swift in Sources */,
				51FF7C5520BD309500ED873D /* WhatsPoppin.xcdatamodeld in Sources */,
				51B9EC1720D2791B00FD163B /* EventAnnotation.swift in Sources */,
				511ED613211D28890091D957 /* HostReviewVC.swift in Sources */,
				51917F8A20C261FC00C781AC /* HomeVC.swift in Sources */,
				51153CC920D473DE002713BA /* LocationSearchTable.swift in Sources */,
				51FF7C4F20BD309500ED873D /* LoginVC.swift in Sources */,
				5128509320C9460500DA6283 /* CreateEventVC.swift in Sources */,
				51FF7C4D20BD309500ED873D /* AppDelegate.swift in Sources */,
				5128509520C948A400DA6283 /* Picker Data.swift in Sources */,
				51917F8E20C26AF000C781AC /* DataService.swift in Sources */,
			);
			runOnlyForDeploymentPostprocessing = 0;
		};
/* End PBXSourcesBuildPhase section */

/* Begin PBXVariantGroup section */
		51FF7C5020BD309500ED873D /* Main.storyboard */ = {
			isa = PBXVariantGroup;
			children = (
				51FF7C5120BD309500ED873D /* Base */,
			);
			name = Main.storyboard;
			sourceTree = "<group>";
		};
		51FF7C5820BD309700ED873D /* LaunchScreen.storyboard */ = {
			isa = PBXVariantGroup;
			children = (
				51FF7C5920BD309700ED873D /* Base */,
			);
			name = LaunchScreen.storyboard;
			sourceTree = "<group>";
		};
/* End PBXVariantGroup section */

/* Begin XCBuildConfiguration section */
		51FF7C5C20BD309700ED873D /* Debug */ = {
			isa = XCBuildConfiguration;
			buildSettings = {
				ALWAYS_SEARCH_USER_PATHS = NO;
				CLANG_ANALYZER_NONNULL = YES;
				CLANG_ANALYZER_NUMBER_OBJECT_CONVERSION = YES_AGGRESSIVE;
				CLANG_CXX_LANGUAGE_STANDARD = "gnu++14";
				CLANG_CXX_LIBRARY = "libc++";
				CLANG_ENABLE_MODULES = YES;
				CLANG_ENABLE_OBJC_ARC = YES;
				CLANG_ENABLE_OBJC_WEAK = YES;
				CLANG_WARN_BLOCK_CAPTURE_AUTORELEASING = YES;
				CLANG_WARN_BOOL_CONVERSION = YES;
				CLANG_WARN_COMMA = YES;
				CLANG_WARN_CONSTANT_CONVERSION = YES;
				CLANG_WARN_DEPRECATED_OBJC_IMPLEMENTATIONS = YES;
				CLANG_WARN_DIRECT_OBJC_ISA_USAGE = YES_ERROR;
				CLANG_WARN_DOCUMENTATION_COMMENTS = YES;
				CLANG_WARN_EMPTY_BODY = YES;
				CLANG_WARN_ENUM_CONVERSION = YES;
				CLANG_WARN_INFINITE_RECURSION = YES;
				CLANG_WARN_INT_CONVERSION = YES;
				CLANG_WARN_NON_LITERAL_NULL_CONVERSION = YES;
				CLANG_WARN_OBJC_IMPLICIT_RETAIN_SELF = YES;
				CLANG_WARN_OBJC_LITERAL_CONVERSION = YES;
				CLANG_WARN_OBJC_ROOT_CLASS = YES_ERROR;
				CLANG_WARN_RANGE_LOOP_ANALYSIS = YES;
				CLANG_WARN_STRICT_PROTOTYPES = YES;
				CLANG_WARN_SUSPICIOUS_MOVE = YES;
				CLANG_WARN_UNGUARDED_AVAILABILITY = YES_AGGRESSIVE;
				CLANG_WARN_UNREACHABLE_CODE = YES;
				CLANG_WARN__DUPLICATE_METHOD_MATCH = YES;
				CODE_SIGN_IDENTITY = "iPhone Developer";
				COPY_PHASE_STRIP = NO;
				DEBUG_INFORMATION_FORMAT = dwarf;
				ENABLE_STRICT_OBJC_MSGSEND = YES;
				ENABLE_TESTABILITY = YES;
				GCC_C_LANGUAGE_STANDARD = gnu11;
				GCC_DYNAMIC_NO_PIC = NO;
				GCC_NO_COMMON_BLOCKS = YES;
				GCC_OPTIMIZATION_LEVEL = 0;
				GCC_PREPROCESSOR_DEFINITIONS = (
					"DEBUG=1",
					"$(inherited)",
				);
				GCC_WARN_64_TO_32_BIT_CONVERSION = YES;
				GCC_WARN_ABOUT_RETURN_TYPE = YES_ERROR;
				GCC_WARN_UNDECLARED_SELECTOR = YES;
				GCC_WARN_UNINITIALIZED_AUTOS = YES_AGGRESSIVE;
				GCC_WARN_UNUSED_FUNCTION = YES;
				GCC_WARN_UNUSED_VARIABLE = YES;
				IPHONEOS_DEPLOYMENT_TARGET = 11.3;
				MTL_ENABLE_DEBUG_INFO = YES;
				ONLY_ACTIVE_ARCH = YES;
				SDKROOT = iphoneos;
				SWIFT_ACTIVE_COMPILATION_CONDITIONS = DEBUG;
				SWIFT_OPTIMIZATION_LEVEL = "-Onone";
			};
			name = Debug;
		};
		51FF7C5D20BD309700ED873D /* Release */ = {
			isa = XCBuildConfiguration;
			buildSettings = {
				ALWAYS_SEARCH_USER_PATHS = NO;
				CLANG_ANALYZER_NONNULL = YES;
				CLANG_ANALYZER_NUMBER_OBJECT_CONVERSION = YES_AGGRESSIVE;
				CLANG_CXX_LANGUAGE_STANDARD = "gnu++14";
				CLANG_CXX_LIBRARY = "libc++";
				CLANG_ENABLE_MODULES = YES;
				CLANG_ENABLE_OBJC_ARC = YES;
				CLANG_ENABLE_OBJC_WEAK = YES;
				CLANG_WARN_BLOCK_CAPTURE_AUTORELEASING = YES;
				CLANG_WARN_BOOL_CONVERSION = YES;
				CLANG_WARN_COMMA = YES;
				CLANG_WARN_CONSTANT_CONVERSION = YES;
				CLANG_WARN_DEPRECATED_OBJC_IMPLEMENTATIONS = YES;
				CLANG_WARN_DIRECT_OBJC_ISA_USAGE = YES_ERROR;
				CLANG_WARN_DOCUMENTATION_COMMENTS = YES;
				CLANG_WARN_EMPTY_BODY = YES;
				CLANG_WARN_ENUM_CONVERSION = YES;
				CLANG_WARN_INFINITE_RECURSION = YES;
				CLANG_WARN_INT_CONVERSION = YES;
				CLANG_WARN_NON_LITERAL_NULL_CONVERSION = YES;
				CLANG_WARN_OBJC_IMPLICIT_RETAIN_SELF = YES;
				CLANG_WARN_OBJC_LITERAL_CONVERSION = YES;
				CLANG_WARN_OBJC_ROOT_CLASS = YES_ERROR;
				CLANG_WARN_RANGE_LOOP_ANALYSIS = YES;
				CLANG_WARN_STRICT_PROTOTYPES = YES;
				CLANG_WARN_SUSPICIOUS_MOVE = YES;
				CLANG_WARN_UNGUARDED_AVAILABILITY = YES_AGGRESSIVE;
				CLANG_WARN_UNREACHABLE_CODE = YES;
				CLANG_WARN__DUPLICATE_METHOD_MATCH = YES;
				CODE_SIGN_IDENTITY = "iPhone Developer";
				COPY_PHASE_STRIP = NO;
				DEBUG_INFORMATION_FORMAT = "dwarf-with-dsym";
				ENABLE_NS_ASSERTIONS = NO;
				ENABLE_STRICT_OBJC_MSGSEND = YES;
				GCC_C_LANGUAGE_STANDARD = gnu11;
				GCC_NO_COMMON_BLOCKS = YES;
				GCC_WARN_64_TO_32_BIT_CONVERSION = YES;
				GCC_WARN_ABOUT_RETURN_TYPE = YES_ERROR;
				GCC_WARN_UNDECLARED_SELECTOR = YES;
				GCC_WARN_UNINITIALIZED_AUTOS = YES_AGGRESSIVE;
				GCC_WARN_UNUSED_FUNCTION = YES;
				GCC_WARN_UNUSED_VARIABLE = YES;
				IPHONEOS_DEPLOYMENT_TARGET = 11.3;
				MTL_ENABLE_DEBUG_INFO = NO;
				SDKROOT = iphoneos;
				SWIFT_COMPILATION_MODE = wholemodule;
				SWIFT_OPTIMIZATION_LEVEL = "-O";
				VALIDATE_PRODUCT = YES;
			};
			name = Release;
		};
		51FF7C5F20BD309700ED873D /* Debug */ = {
			isa = XCBuildConfiguration;
			baseConfigurationReference = 54420957DCE5F56B7B4D208A /* Pods-WhatsPoppin.debug.xcconfig */;
			buildSettings = {
				ASSETCATALOG_COMPILER_APPICON_NAME = AppIcon;
				CODE_SIGN_ENTITLEMENTS = WhatsPoppin/WhatsPoppin.entitlements;
				CODE_SIGN_STYLE = Automatic;
				DEVELOPMENT_TEAM = 58NS7395R7;
				INFOPLIST_FILE = "$(SRCROOT)/Info.plist";
				IPHONEOS_DEPLOYMENT_TARGET = 11.2;
				LD_RUNPATH_SEARCH_PATHS = (
					"$(inherited)",
					"@executable_path/Frameworks",
				);
				PRODUCT_BUNDLE_IDENTIFIER = com.liamottley.WhatsPoppin;
				PRODUCT_NAME = "$(TARGET_NAME)";
				SWIFT_VERSION = 4.0;
				TARGETED_DEVICE_FAMILY = "1,2";
			};
			name = Debug;
		};
		51FF7C6020BD309700ED873D /* Release */ = {
			isa = XCBuildConfiguration;
			baseConfigurationReference = 74D334A0AB1F7BF2A47F3759 /* Pods-WhatsPoppin.release.xcconfig */;
			buildSettings = {
				ASSETCATALOG_COMPILER_APPICON_NAME = AppIcon;
				CODE_SIGN_ENTITLEMENTS = WhatsPoppin/WhatsPoppin.entitlements;
				CODE_SIGN_STYLE = Automatic;
				DEVELOPMENT_TEAM = 58NS7395R7;
				INFOPLIST_FILE = "$(SRCROOT)/Info.plist";
				IPHONEOS_DEPLOYMENT_TARGET = 11.2;
				LD_RUNPATH_SEARCH_PATHS = (
					"$(inherited)",
					"@executable_path/Frameworks",
				);
				PRODUCT_BUNDLE_IDENTIFIER = com.liamottley.WhatsPoppin;
				PRODUCT_NAME = "$(TARGET_NAME)";
				SWIFT_VERSION = 4.0;
				TARGETED_DEVICE_FAMILY = "1,2";
			};
			name = Release;
		};
/* End XCBuildConfiguration section */

/* Begin XCConfigurationList section */
		51FF7C4420BD309500ED873D /* Build configuration list for PBXProject "WhatsPoppin" */ = {
			isa = XCConfigurationList;
			buildConfigurations = (
				51FF7C5C20BD309700ED873D /* Debug */,
				51FF7C5D20BD309700ED873D /* Release */,
			);
			defaultConfigurationIsVisible = 0;
			defaultConfigurationName = Release;
		};
		51FF7C5E20BD309700ED873D /* Build configuration list for PBXNativeTarget "WhatsPoppin" */ = {
			isa = XCConfigurationList;
			buildConfigurations = (
				51FF7C5F20BD309700ED873D /* Debug */,
				51FF7C6020BD309700ED873D /* Release */,
			);
			defaultConfigurationIsVisible = 0;
			defaultConfigurationName = Release;
		};
/* End XCConfigurationList section */

/* Begin XCVersionGroup section */
		51FF7C5320BD309500ED873D /* WhatsPoppin.xcdatamodeld */ = {
			isa = XCVersionGroup;
			children = (
				51FF7C5420BD309500ED873D /* WhatsPoppin.xcdatamodel */,
			);
			currentVersion = 51FF7C5420BD309500ED873D /* WhatsPoppin.xcdatamodel */;
			path = WhatsPoppin.xcdatamodeld;
			sourceTree = "<group>";
			versionGroupType = wrapper.xcdatamodel;
		};
/* End XCVersionGroup section */
	};
	rootObject = 51FF7C4120BD309500ED873D /* Project object */;
}
